
Microsoft Visual Studio Solution File, Format Version 12.00
# Visual Studio Version 17
VisualStudioVersion = 17.2.32602.215
MinimumVisualStudioVersion = 10.0.40219.1
Project("{9A19103F-16F7-4668-BE54-9A1E7A4F7556}") = "HostelPets.View", "HostelPets.View\HostelPets.View.csproj", "{D92E9206-7856-4E42-99F3-FE6EDA977923}"
EndProject
Project("{9A19103F-16F7-4668-BE54-9A1E7A4F7556}") = "HostelPetsWeb.Model", "HostelPetsWeb.Model\HostelPetsWeb.Model.csproj", "{D4B73537-954A-4184-B4D2-9771D4FA721C}"
EndProject
Global
	GlobalSection(SolutionConfigurationPlatforms) = preSolution
		Debug|Any CPU = Debug|Any CPU
		Release|Any CPU = Release|Any CPU
	EndGlobalSection
	GlobalSection(ProjectConfigurationPlatforms) = postSolution
		{D92E9206-7856-4E42-99F3-FE6EDA977923}.Debug|Any CPU.ActiveCfg = Debug|Any CPU
		{D92E9206-7856-4E42-99F3-FE6EDA977923}.Debug|Any CPU.Build.0 = Debug|Any CPU
		{D92E9206-7856-4E42-99F3-FE6EDA977923}.Release|Any CPU.ActiveCfg = Release|Any CPU
		{D92E9206-7856-4E42-99F3-FE6EDA977923}.Release|Any CPU.Build.0 = Release|Any CPU
		{D4B73537-954A-4184-B4D2-9771D4FA721C}.Debug|Any CPU.ActiveCfg = Debug|Any CPU
		{D4B73537-954A-4184-B4D2-9771D4FA721C}.Debug|Any CPU.Build.0 = Debug|Any CPU
		{D4B73537-954A-4184-B4D2-9771D4FA721C}.Release|Any CPU.ActiveCfg = Release|Any CPU
		{D4B73537-954A-4184-B4D2-9771D4FA721C}.Release|Any CPU.Build.0 = Release|Any CPU
	EndGlobalSection
	GlobalSection(SolutionProperties) = preSolution
		HideSolutionNode = FALSE
	EndGlobalSection
	GlobalSection(ExtensibilityGlobals) = postSolution
		SolutionGuid = {37A459BD-AF1B-40BA-8053-0772EBDDC130}
	EndGlobalSection
EndGlobal
